dependencies:
- name: api-gateway
  repository: file://../api-gateway
  version: 0.9.0
- name: authz-pdp
  repository: file://../authz-pdp
  version: 0.3.0
- name: checkout
  repository: file://../checkout
  version: 0.5.0
- name: payment-gateway
  repository: file://../payment-gateway
  version: 0.5.0
- name: auditflow
  repository: file://../auditflow
  version: 0.9.0
- name: api-docs
  repository: file://../api-docs
  version: 0.3.0
- name: customer-portal
  repository: file://../customer-portal
  version: 0.5.0
- name: postgresql
  repository: https://charts.bitnami.com/bitnami
  version: 18.7.11
- name: rabbitmq
  repository: https://charts.bitnami.com/bitnami
  version: 16.0.14
- name: redis
  repository: https://charts.bitnami.com/bitnami
  version: 27.0.13
digest: sha256:f7efd8871eed812f125f4ef5c3eb2d7b8506c960e8a93e353c70435f8d6336c8
generated: "2026-08-19T21:20:51.147778+02:00"
