dependencies:
- name: api-gateway
  repository: file://../api-gateway
  version: 0.8.0
- name: authz-pdp
  repository: file://../authz-pdp
  version: 0.3.0
- name: checkout
  repository: file://../checkout
  version: 0.5.0
- name: payment-gateway
  repository: file://../payment-gateway
  version: 0.5.0
- name: auditflow
  repository: file://../auditflow
  version: 0.9.0
- name: api-docs
  repository: file://../api-docs
  version: 0.3.0
- name: customer-portal
  repository: file://../customer-portal
  version: 0.5.0
- name: postgresql
  repository: https://charts.bitnami.com/bitnami
  version: 18.7.11
- name: rabbitmq
  repository: https://charts.bitnami.com/bitnami
  version: 16.0.14
- name: redis
  repository: https://charts.bitnami.com/bitnami
  version: 27.0.13
digest: sha256:9aacdaa32407503da884d0ced222911887688d177686e1dc92d7853492959b76
generated: "2026-08-19T21:16:24.670034+02:00"
