dependencies:
- name: api-gateway
  repository: file://../api-gateway
  version: 0.14.0
- name: authz-pdp
  repository: file://../authz-pdp
  version: 0.8.0
- name: checkout
  repository: file://../checkout
  version: 0.11.0
- name: payment-gateway
  repository: file://../payment-gateway
  version: 0.10.0
- name: auditflow
  repository: file://../auditflow
  version: 0.15.1
- name: api-docs
  repository: file://../api-docs
  version: 0.9.1
- name: customer-portal
  repository: file://../customer-portal
  version: 0.10.0
- name: postgresql
  repository: https://charts.bitnami.com/bitnami
  version: 18.7.11
- name: valkey
  repository: https://charts.bitnami.com/bitnami
  version: 6.3.0
- name: traefik
  repository: https://traefik.github.io/charts
  version: 41.6.0
- name: mock-oidc
  repository: file://../mock-oidc
  version: 0.1.0
digest: sha256:e50fdec39fa470e79af4ded29f7f9c761c137a5fc487f0464ccd8962c3e4918c
generated: "2026-09-20T09:08:47.532984427Z"
