dependencies:
- name: chart-libs
  repository: file://../chart-libs
  version: 0.0.3
- name: rabbitmq
  repository: https://charts.bitnami.com/bitnami
  version: 16.0.14
- name: postgresql
  repository: https://charts.bitnami.com/bitnami
  version: 16.7.27
- name: redis
  repository: https://charts.bitnami.com/bitnami
  version: 20.13.4
digest: sha256:b1492f69e7d4820d0e8fc2e4ce52e98fd569ee1c59056578671102684677168a
generated: "2026-07-04T23:45:01.167327+02:00"
