dependencies:
- name: chart-libs
  repository: file://../chart-libs
  version: 0.1.0
- name: rabbitmq
  repository: https://charts.bitnami.com/bitnami
  version: 16.0.14
- name: postgresql
  repository: https://charts.bitnami.com/bitnami
  version: 18.8.0
digest: sha256:493563dc0b4fc78b18c7837128f1e4ae6ea96e857dffafd5b9138cfe41c5578d
generated: "2026-07-17T13:07:47.553468+02:00"
