dependencies:
- name: chart-libs
  repository: file://../chart-libs
  version: 0.1.0
- name: rabbitmq
  repository: https://charts.bitnami.com/bitnami
  version: 16.0.14
- name: postgresql
  repository: https://charts.bitnami.com/bitnami
  version: 18.7.13
digest: sha256:1fc6a76a1cc8a1e1e3b591cffba351e2c0b8ad23885abfaa8ae0bf2ef289c705
generated: "2026-07-11T16:20:23.692895+02:00"
